# This file is automatically @generated by Poetry 1.4.0 and should not be changed by hand.

[[package]]
name = "nats-py"
version = "2.9.0"
description = "NATS client for Python"
category = "main"
optional = false
python-versions = ">=3.7"
files = [
    {file = "nats_py-2.9.0.tar.gz", hash = "sha256:01886eb9e0a87f0ec630652cf1fae65d2a8556378a609bc6cc07d2ea60c8d0dd"},
]

[package.extras]
aiohttp = ["aiohttp"]
fast-parse = ["fast-mail-parser"]
nkeys = ["nkeys"]

[[package]]
name = "structlog"
version = "24.4.0"
description = "Structured Logging for Python"
category = "main"
optional = false
python-versions = ">=3.8"
files = [
    {file = "structlog-24.4.0-py3-none-any.whl", hash = "sha256:597f61e80a91cc0749a9fd2a098ed76715a1c8a01f73e336b746504d1aad7610"},
    {file = "structlog-24.4.0.tar.gz", hash = "sha256:b27bfecede327a6d2da5fbc96bd859f114ecc398a6389d664f62085ee7ae6fc4"},
]

[package.extras]
dev = ["freezegun (>=0.2.8)", "mypy (>=1.4)", "pretend", "pytest (>=6.0)", "pytest-asyncio (>=0.17)", "rich", "simplejson", "twisted"]
docs = ["cogapp", "furo", "myst-parser", "sphinx", "sphinx-notfound-page", "sphinxcontrib-mermaid", "sphinxext-opengraph", "twisted"]
tests = ["freezegun (>=0.2.8)", "pretend", "pytest (>=6.0)", "pytest-asyncio (>=0.17)", "simplejson"]
typing = ["mypy (>=1.4)", "rich", "twisted"]

[metadata]
lock-version = "2.0"
python-versions = "^3.11"
content-hash = "ac30287a30552e3bd895ea86a5b8a2914114eadfa5792d4a206674e94f8010f6"
